# This file is automatically @generated by Cargo.
# It is not intended for manual editing.
version = 4

[[package]]
name = "coreshift-core"
version = "1.2.13"
source = "registry+https://github.com/rust-lang/crates.io-index"
checksum = "40ebd0011ccc72e11c74600c78f831b8f3f81f80ece51d4fe0abf1876608fbf7"
dependencies = [
 "libc",
]

[[package]]
name = "coreshift-foreground"
version = "0.1.4"
source = "registry+https://github.com/rust-lang/crates.io-index"
checksum = "e3d02cc052720eb6cab0efbab6678e3de0f6233bcd1b5827d73b1821f7129182"
dependencies = [
 "coreshift-core",
]

[[package]]
name = "libc"
version = "0.2.186"
source = "registry+https://github.com/rust-lang/crates.io-index"
checksum = "68ab91017fe16c622486840e4c83c9a37afeff978bd239b5293d61ece587de66"

[[package]]
name = "utensil-bs"
version = "0.1.1"
source = "registry+https://github.com/rust-lang/crates.io-index"
checksum = "6780b384283b943a75f5aa2f4f2b4609ef6fa8f0bb4212552e30e72c7dc0e21a"
dependencies = [
 "coreshift-core",
]

[[package]]
name = "utensil-daemon"
version = "0.1.0"
dependencies = [
 "coreshift-core",
 "coreshift-foreground",
 "utensil-bs",
 "utensil-ds",
 "utensil-pm",
 "utensil-wd",
]

[[package]]
name = "utensil-ds"
version = "0.1.2"
source = "registry+https://github.com/rust-lang/crates.io-index"
checksum = "a7a4d5bd14816daee6651e2f5b7582060522199e7f45b2e6370e8a1a1fc5027f"
dependencies = [
 "coreshift-core",
 "coreshift-foreground",
]

[[package]]
name = "utensil-pm"
version = "0.1.0"
dependencies = [
 "coreshift-core",
 "coreshift-foreground",
]

[[package]]
name = "utensil-wd"
version = "0.1.1"
source = "registry+https://github.com/rust-lang/crates.io-index"
checksum = "cedc2290ac2dedbb50cab632d82fea9b63db347473fcbc4117ff3cf4e852ae30"
dependencies = [
 "coreshift-core",
 "coreshift-foreground",
]
